<?xml version="1.0" encoding="utf-8"?>
<Project ToolsVersion="4.0" xmlns="http://schemas.microsoft.com/developer/msbuild/2003">
  <ItemGroup>
    <Filter Include="Source Files">
      <UniqueIdentifier>{8bafb30f-1121-4288-acf1-6a74e33d889a}</UniqueIdentifier>
      <Extensions>cpp;c;cxx;rc;def;r;odl;idl;hpj;bat</Extensions>
    </Filter>
    <Filter Include="Header Files">
      <UniqueIdentifier>{4df0d7d0-03e6-4796-a386-92989ddedbc6}</UniqueIdentifier>
      <Extensions>h;hpp;hxx;hm;inl</Extensions>
    </Filter>
    <Filter Include="Resource Files">
      <UniqueIdentifier>{adfa2469-8193-4545-b4a4-64f733f8fc88}</UniqueIdentifier>
      <Extensions>ico;cur;bmp;dlg;rc2;rct;bin;rgs;gif;jpg;jpeg;jpe</Extensions>
    </Filter>
  </ItemGroup>
  <ItemGroup>
    <ClCompile Include="LineParamEstimator.cpp">
      <Filter>Source Files</Filter>
    </ClCompile>
    <ClCompile Include="Point2D.cpp">
      <Filter>Source Files</Filter>
    </ClCompile>
    <ClCompile Include="RansacExample.cpp">
      <Filter>Source Files</Filter>
    </ClCompile>
    <ClCompile Include="MyRANSAC.cpp">
      <Filter>Source Files</Filter>
    </ClCompile>
  </ItemGroup>
  <ItemGroup>
    <ClInclude Include="LineParamEstimator.h">
      <Filter>Header Files</Filter>
    </ClInclude>
    <ClInclude Include="ParameterEsitmator.h">
      <Filter>Header Files</Filter>
    </ClInclude>
    <ClInclude Include="Point2D.h">
      <Filter>Header Files</Filter>
    </ClInclude>
    <ClInclude Include="Ransac.h">
      <Filter>Header Files</Filter>
    </ClInclude>
    <ClInclude Include="MyRANSAC.h">
      <Filter>Header Files</Filter>
    </ClInclude>
  </ItemGroup>
</Project>